
Microsoft Visual Studio Solution File, Format Version 12.00
# Visual Studio Version 17
VisualStudioVersion = 17.13.35806.99 d17.13
MinimumVisualStudioVersion = 10.0.40219.1
Project("{FAE04EC0-301F-11D3-BF4B-00C04F79EFBC}") = "ExercicioBeecrowd1114", "ExercicioBeecrowd1114\ExercicioBeecrowd1114.csproj", "{FAC41183-9852-4B06-BFE1-603F4BE2E3BB}"
EndProject
Global
	GlobalSection(SolutionConfigurationPlatforms) = preSolution
		Debug|Any CPU = Debug|Any CPU
		Release|Any CPU = Release|Any CPU
	EndGlobalSection
	GlobalSection(ProjectConfigurationPlatforms) = postSolution
		{FAC41183-9852-4B06-BFE1-603F4BE2E3BB}.Debug|Any CPU.ActiveCfg = Debug|Any CPU
		{FAC41183-9852-4B06-BFE1-603F4BE2E3BB}.Debug|Any CPU.Build.0 = Debug|Any CPU
		{FAC41183-9852-4B06-BFE1-603F4BE2E3BB}.Release|Any CPU.ActiveCfg = Release|Any CPU
		{FAC41183-9852-4B06-BFE1-603F4BE2E3BB}.Release|Any CPU.Build.0 = Release|Any CPU
	EndGlobalSection
	GlobalSection(SolutionProperties) = preSolution
		HideSolutionNode = FALSE
	EndGlobalSection
	GlobalSection(ExtensibilityGlobals) = postSolution
		SolutionGuid = {0335AC51-A045-4CDF-BC6D-B64C451B86B4}
	EndGlobalSection
EndGlobal
