
Microsoft Visual Studio Solution File, Format Version 12.00
# Visual Studio Version 17
VisualStudioVersion = 17.13.35806.99 d17.13
MinimumVisualStudioVersion = 10.0.40219.1
Project("{FAE04EC0-301F-11D3-BF4B-00C04F79EFBC}") = "ExercicioBeecrowd1006", "ExercicioBeecrowd1006\ExercicioBeecrowd1006.csproj", "{8445156C-5E6E-40D9-ABEF-588364D6BFF4}"
EndProject
Global
	GlobalSection(SolutionConfigurationPlatforms) = preSolution
		Debug|Any CPU = Debug|Any CPU
		Release|Any CPU = Release|Any CPU
	EndGlobalSection
	GlobalSection(ProjectConfigurationPlatforms) = postSolution
		{8445156C-5E6E-40D9-ABEF-588364D6BFF4}.Debug|Any CPU.ActiveCfg = Debug|Any CPU
		{8445156C-5E6E-40D9-ABEF-588364D6BFF4}.Debug|Any CPU.Build.0 = Debug|Any CPU
		{8445156C-5E6E-40D9-ABEF-588364D6BFF4}.Release|Any CPU.ActiveCfg = Release|Any CPU
		{8445156C-5E6E-40D9-ABEF-588364D6BFF4}.Release|Any CPU.Build.0 = Release|Any CPU
	EndGlobalSection
	GlobalSection(SolutionProperties) = preSolution
		HideSolutionNode = FALSE
	EndGlobalSection
	GlobalSection(ExtensibilityGlobals) = postSolution
		SolutionGuid = {8E71482D-A32A-469D-AC40-4F1A834DCF7F}
	EndGlobalSection
EndGlobal
