
Microsoft Visual Studio Solution File, Format Version 12.00
# Visual Studio Version 17
VisualStudioVersion = 17.13.35806.99 d17.13
MinimumVisualStudioVersion = 10.0.40219.1
Project("{FAE04EC0-301F-11D3-BF4B-00C04F79EFBC}") = "ExercicioResolvido05", "ExercicioResolvido05\ExercicioResolvido05.csproj", "{EEDD45AB-023F-4A38-B1F6-9F7A1E8D2AC6}"
EndProject
Global
	GlobalSection(SolutionConfigurationPlatforms) = preSolution
		Debug|Any CPU = Debug|Any CPU
		Release|Any CPU = Release|Any CPU
	EndGlobalSection
	GlobalSection(ProjectConfigurationPlatforms) = postSolution
		{EEDD45AB-023F-4A38-B1F6-9F7A1E8D2AC6}.Debug|Any CPU.ActiveCfg = Debug|Any CPU
		{EEDD45AB-023F-4A38-B1F6-9F7A1E8D2AC6}.Debug|Any CPU.Build.0 = Debug|Any CPU
		{EEDD45AB-023F-4A38-B1F6-9F7A1E8D2AC6}.Release|Any CPU.ActiveCfg = Release|Any CPU
		{EEDD45AB-023F-4A38-B1F6-9F7A1E8D2AC6}.Release|Any CPU.Build.0 = Release|Any CPU
	EndGlobalSection
	GlobalSection(SolutionProperties) = preSolution
		HideSolutionNode = FALSE
	EndGlobalSection
	GlobalSection(ExtensibilityGlobals) = postSolution
		SolutionGuid = {F4778852-C580-47A3-B596-A1FB4AB33CDC}
	EndGlobalSection
EndGlobal
