
Microsoft Visual Studio Solution File, Format Version 12.00
# Visual Studio Version 17
VisualStudioVersion = 17.12.35527.113 d17.12
MinimumVisualStudioVersion = 10.0.40219.1
Project("{FAE04EC0-301F-11D3-BF4B-00C04F79EFBC}") = "ExercicioResolvido01", "ExercicioResolvido01\ExercicioResolvido01.csproj", "{764CBE25-2E76-4E1B-82D7-B08945B00D21}"
EndProject
Global
	GlobalSection(SolutionConfigurationPlatforms) = preSolution
		Debug|Any CPU = Debug|Any CPU
		Release|Any CPU = Release|Any CPU
	EndGlobalSection
	GlobalSection(ProjectConfigurationPlatforms) = postSolution
		{764CBE25-2E76-4E1B-82D7-B08945B00D21}.Debug|Any CPU.ActiveCfg = Debug|Any CPU
		{764CBE25-2E76-4E1B-82D7-B08945B00D21}.Debug|Any CPU.Build.0 = Debug|Any CPU
		{764CBE25-2E76-4E1B-82D7-B08945B00D21}.Release|Any CPU.ActiveCfg = Release|Any CPU
		{764CBE25-2E76-4E1B-82D7-B08945B00D21}.Release|Any CPU.Build.0 = Release|Any CPU
	EndGlobalSection
	GlobalSection(SolutionProperties) = preSolution
		HideSolutionNode = FALSE
	EndGlobalSection
EndGlobal
