
Microsoft Visual Studio Solution File, Format Version 12.00
# Visual Studio Version 17
VisualStudioVersion = 17.13.35806.99 d17.13
MinimumVisualStudioVersion = 10.0.40219.1
Project("{FAE04EC0-301F-11D3-BF4B-00C04F79EFBC}") = "ExercicioBeecrowd1065", "ExercicioBeecrowd1065\ExercicioBeecrowd1065.csproj", "{43E9BDFF-1799-426C-A2B8-76295AB9CDFC}"
EndProject
Global
	GlobalSection(SolutionConfigurationPlatforms) = preSolution
		Debug|Any CPU = Debug|Any CPU
		Release|Any CPU = Release|Any CPU
	EndGlobalSection
	GlobalSection(ProjectConfigurationPlatforms) = postSolution
		{43E9BDFF-1799-426C-A2B8-76295AB9CDFC}.Debug|Any CPU.ActiveCfg = Debug|Any CPU
		{43E9BDFF-1799-426C-A2B8-76295AB9CDFC}.Debug|Any CPU.Build.0 = Debug|Any CPU
		{43E9BDFF-1799-426C-A2B8-76295AB9CDFC}.Release|Any CPU.ActiveCfg = Release|Any CPU
		{43E9BDFF-1799-426C-A2B8-76295AB9CDFC}.Release|Any CPU.Build.0 = Release|Any CPU
	EndGlobalSection
	GlobalSection(SolutionProperties) = preSolution
		HideSolutionNode = FALSE
	EndGlobalSection
	GlobalSection(ExtensibilityGlobals) = postSolution
		SolutionGuid = {4F1B4BC9-73C8-4445-B48A-08E20C3CAC34}
	EndGlobalSection
EndGlobal
