
Microsoft Visual Studio Solution File, Format Version 12.00
# Visual Studio Version 17
VisualStudioVersion = 17.13.35806.99 d17.13
MinimumVisualStudioVersion = 10.0.40219.1
Project("{FAE04EC0-301F-11D3-BF4B-00C04F79EFBC}") = "ExercicioBeecrowd1041", "ExercicioBeecrowd1041\ExercicioBeecrowd1041.csproj", "{9567A8B1-2CF0-43BF-9129-E38D857BBB5F}"
EndProject
Global
	GlobalSection(SolutionConfigurationPlatforms) = preSolution
		Debug|Any CPU = Debug|Any CPU
		Release|Any CPU = Release|Any CPU
	EndGlobalSection
	GlobalSection(ProjectConfigurationPlatforms) = postSolution
		{9567A8B1-2CF0-43BF-9129-E38D857BBB5F}.Debug|Any CPU.ActiveCfg = Debug|Any CPU
		{9567A8B1-2CF0-43BF-9129-E38D857BBB5F}.Debug|Any CPU.Build.0 = Debug|Any CPU
		{9567A8B1-2CF0-43BF-9129-E38D857BBB5F}.Release|Any CPU.ActiveCfg = Release|Any CPU
		{9567A8B1-2CF0-43BF-9129-E38D857BBB5F}.Release|Any CPU.Build.0 = Release|Any CPU
	EndGlobalSection
	GlobalSection(SolutionProperties) = preSolution
		HideSolutionNode = FALSE
	EndGlobalSection
	GlobalSection(ExtensibilityGlobals) = postSolution
		SolutionGuid = {23305E66-07ED-4ABE-B285-6EB9A2DE1A5F}
	EndGlobalSection
EndGlobal
