
Microsoft Visual Studio Solution File, Format Version 12.00
# Visual Studio Version 17
VisualStudioVersion = 17.13.35806.99 d17.13
MinimumVisualStudioVersion = 10.0.40219.1
Project("{FAE04EC0-301F-11D3-BF4B-00C04F79EFBC}") = "ExercicioBeecrowd1021", "ExercicioBeecrowd1021\ExercicioBeecrowd1021.csproj", "{AD2AE727-60EA-4276-89AB-4D7DBD293EE8}"
EndProject
Global
	GlobalSection(SolutionConfigurationPlatforms) = preSolution
		Debug|Any CPU = Debug|Any CPU
		Release|Any CPU = Release|Any CPU
	EndGlobalSection
	GlobalSection(ProjectConfigurationPlatforms) = postSolution
		{AD2AE727-60EA-4276-89AB-4D7DBD293EE8}.Debug|Any CPU.ActiveCfg = Debug|Any CPU
		{AD2AE727-60EA-4276-89AB-4D7DBD293EE8}.Debug|Any CPU.Build.0 = Debug|Any CPU
		{AD2AE727-60EA-4276-89AB-4D7DBD293EE8}.Release|Any CPU.ActiveCfg = Release|Any CPU
		{AD2AE727-60EA-4276-89AB-4D7DBD293EE8}.Release|Any CPU.Build.0 = Release|Any CPU
	EndGlobalSection
	GlobalSection(SolutionProperties) = preSolution
		HideSolutionNode = FALSE
	EndGlobalSection
	GlobalSection(ExtensibilityGlobals) = postSolution
		SolutionGuid = {31F193F9-BA52-4897-B1B0-B5CFF24DB444}
	EndGlobalSection
EndGlobal
