
Microsoft Visual Studio Solution File, Format Version 12.00
# Visual Studio Version 17
VisualStudioVersion = 17.13.35806.99 d17.13
MinimumVisualStudioVersion = 10.0.40219.1
Project("{FAE04EC0-301F-11D3-BF4B-00C04F79EFBC}") = "ExercicioBeecrowd1016", "ExercicioBeecrowd1016\ExercicioBeecrowd1016.csproj", "{217B8E7D-C96F-426D-B1A3-FE8717A961B5}"
EndProject
Global
	GlobalSection(SolutionConfigurationPlatforms) = preSolution
		Debug|Any CPU = Debug|Any CPU
		Release|Any CPU = Release|Any CPU
	EndGlobalSection
	GlobalSection(ProjectConfigurationPlatforms) = postSolution
		{217B8E7D-C96F-426D-B1A3-FE8717A961B5}.Debug|Any CPU.ActiveCfg = Debug|Any CPU
		{217B8E7D-C96F-426D-B1A3-FE8717A961B5}.Debug|Any CPU.Build.0 = Debug|Any CPU
		{217B8E7D-C96F-426D-B1A3-FE8717A961B5}.Release|Any CPU.ActiveCfg = Release|Any CPU
		{217B8E7D-C96F-426D-B1A3-FE8717A961B5}.Release|Any CPU.Build.0 = Release|Any CPU
	EndGlobalSection
	GlobalSection(SolutionProperties) = preSolution
		HideSolutionNode = FALSE
	EndGlobalSection
	GlobalSection(ExtensibilityGlobals) = postSolution
		SolutionGuid = {F5307FF0-52ED-4F2A-9443-C1F6E54F7C26}
	EndGlobalSection
EndGlobal
