
Microsoft Visual Studio Solution File, Format Version 12.00
# Visual Studio Version 17
VisualStudioVersion = 17.13.35806.99 d17.13
MinimumVisualStudioVersion = 10.0.40219.1
Project("{FAE04EC0-301F-11D3-BF4B-00C04F79EFBC}") = "ExercicioBeecrowd1038", "ExercicioBeecrowd1038\ExercicioBeecrowd1038.csproj", "{DA6E8E31-0CAA-4BE7-98B8-894A98D6ADB8}"
EndProject
Global
	GlobalSection(SolutionConfigurationPlatforms) = preSolution
		Debug|Any CPU = Debug|Any CPU
		Release|Any CPU = Release|Any CPU
	EndGlobalSection
	GlobalSection(ProjectConfigurationPlatforms) = postSolution
		{DA6E8E31-0CAA-4BE7-98B8-894A98D6ADB8}.Debug|Any CPU.ActiveCfg = Debug|Any CPU
		{DA6E8E31-0CAA-4BE7-98B8-894A98D6ADB8}.Debug|Any CPU.Build.0 = Debug|Any CPU
		{DA6E8E31-0CAA-4BE7-98B8-894A98D6ADB8}.Release|Any CPU.ActiveCfg = Release|Any CPU
		{DA6E8E31-0CAA-4BE7-98B8-894A98D6ADB8}.Release|Any CPU.Build.0 = Release|Any CPU
	EndGlobalSection
	GlobalSection(SolutionProperties) = preSolution
		HideSolutionNode = FALSE
	EndGlobalSection
	GlobalSection(ExtensibilityGlobals) = postSolution
		SolutionGuid = {368B87A5-6F78-47FB-B8F6-69125EAF3FA2}
	EndGlobalSection
EndGlobal
