
Microsoft Visual Studio Solution File, Format Version 12.00
# Visual Studio Version 17
VisualStudioVersion = 17.13.35806.99 d17.13
MinimumVisualStudioVersion = 10.0.40219.1
Project("{FAE04EC0-301F-11D3-BF4B-00C04F79EFBC}") = "ExercicioBeecrowd1040", "ExercicioBeecrowd1040\ExercicioBeecrowd1040.csproj", "{DC362708-B00A-413F-9794-6412E8C38627}"
EndProject
Global
	GlobalSection(SolutionConfigurationPlatforms) = preSolution
		Debug|Any CPU = Debug|Any CPU
		Release|Any CPU = Release|Any CPU
	EndGlobalSection
	GlobalSection(ProjectConfigurationPlatforms) = postSolution
		{DC362708-B00A-413F-9794-6412E8C38627}.Debug|Any CPU.ActiveCfg = Debug|Any CPU
		{DC362708-B00A-413F-9794-6412E8C38627}.Debug|Any CPU.Build.0 = Debug|Any CPU
		{DC362708-B00A-413F-9794-6412E8C38627}.Release|Any CPU.ActiveCfg = Release|Any CPU
		{DC362708-B00A-413F-9794-6412E8C38627}.Release|Any CPU.Build.0 = Release|Any CPU
	EndGlobalSection
	GlobalSection(SolutionProperties) = preSolution
		HideSolutionNode = FALSE
	EndGlobalSection
	GlobalSection(ExtensibilityGlobals) = postSolution
		SolutionGuid = {3A0D0980-74C0-406B-AED2-934E682EA383}
	EndGlobalSection
EndGlobal
